
Microsoft Visual Studio Solution File, Format Version 12.00
# Visual Studio Version 16
VisualStudioVersion = 16.0.29728.190
MinimumVisualStudioVersion = 10.0.40219.1
Project("{FAE04EC0-301F-11D3-BF4B-00C04F79EFBC}") = "CSaNLab4", "CSaNLab4.csproj", "{A946345B-2727-47E5-91BB-3F4C65B16BE3}"
EndProject
Global
	GlobalSection(SolutionConfigurationPlatforms) = preSolution
		Debug|Any CPU = Debug|Any CPU
		Release|Any CPU = Release|Any CPU
	EndGlobalSection
	GlobalSection(ProjectConfigurationPlatforms) = postSolution
		{A946345B-2727-47E5-91BB-3F4C65B16BE3}.Debug|Any CPU.ActiveCfg = Debug|Any CPU
		{A946345B-2727-47E5-91BB-3F4C65B16BE3}.Debug|Any CPU.Build.0 = Debug|Any CPU
		{A946345B-2727-47E5-91BB-3F4C65B16BE3}.Release|Any CPU.ActiveCfg = Release|Any CPU
		{A946345B-2727-47E5-91BB-3F4C65B16BE3}.Release|Any CPU.Build.0 = Release|Any CPU
	EndGlobalSection
	GlobalSection(SolutionProperties) = preSolution
		HideSolutionNode = FALSE
	EndGlobalSection
	GlobalSection(ExtensibilityGlobals) = postSolution
		SolutionGuid = {64F277B9-D43D-4FA9-AC73-B9800D49C5BA}
	EndGlobalSection
EndGlobal
